
Microsoft Visual Studio Solution File, Format Version 12.00
# Visual Studio Version 17
VisualStudioVersion = 17.12.35707.178
MinimumVisualStudioVersion = 10.0.40219.1
Project("{FAE04EC0-301F-11D3-BF4B-00C04F79EFBC}") = "AULA001_HELLO_WORLD", "AULA001_HELLO_WORLD\AULA001_HELLO_WORLD.csproj", "{02AB1AC1-9A27-4523-A179-062ACFC2C8BE}"
EndProject
Project("{FAE04EC0-301F-11D3-BF4B-00C04F79EFBC}") = "AULA002_COMENTARIOS", "AULA002_COMENTARIOS\AULA002_COMENTARIOS.csproj", "{AD729432-0DE4-41A5-8B54-FB2A6A51FF32}"
EndProject
Project("{FAE04EC0-301F-11D3-BF4B-00C04F79EFBC}") = "AULA003_VARIAVEIS", "AULA003_VARIAVEIS\AULA003_VARIAVEIS.csproj", "{2270CA1D-2667-4B8A-A982-CC0A234E6B1B}"
EndProject
Project("{FAE04EC0-301F-11D3-BF4B-00C04F79EFBC}") = "AULA004_ESCOPO_DE_VARIAVEIS", "AULA004_ESCOPO_DE_VARIAVEIS\AULA004_ESCOPO_DE_VARIAVEIS.csproj", "{0E8A61B0-6BB8-4BEC-A16F-7F837B104E44}"
EndProject
Project("{FAE04EC0-301F-11D3-BF4B-00C04F79EFBC}") = "AULA005_CONVERSOES_DE_VARIAVEIS", "AULA005_CONVERSOES_DE_VARIAVEIS\AULA005_CONVERSOES_DE_VARIAVEIS.csproj", "{16A5EE75-420D-4E14-BBC1-6D017C310CAD}"
EndProject
Global
	GlobalSection(SolutionConfigurationPlatforms) = preSolution
		Debug|Any CPU = Debug|Any CPU
		Release|Any CPU = Release|Any CPU
	EndGlobalSection
	GlobalSection(ProjectConfigurationPlatforms) = postSolution
		{02AB1AC1-9A27-4523-A179-062ACFC2C8BE}.Debug|Any CPU.ActiveCfg = Debug|Any CPU
		{02AB1AC1-9A27-4523-A179-062ACFC2C8BE}.Debug|Any CPU.Build.0 = Debug|Any CPU
		{02AB1AC1-9A27-4523-A179-062ACFC2C8BE}.Release|Any CPU.ActiveCfg = Release|Any CPU
		{02AB1AC1-9A27-4523-A179-062ACFC2C8BE}.Release|Any CPU.Build.0 = Release|Any CPU
		{AD729432-0DE4-41A5-8B54-FB2A6A51FF32}.Debug|Any CPU.ActiveCfg = Debug|Any CPU
		{AD729432-0DE4-41A5-8B54-FB2A6A51FF32}.Debug|Any CPU.Build.0 = Debug|Any CPU
		{AD729432-0DE4-41A5-8B54-FB2A6A51FF32}.Release|Any CPU.ActiveCfg = Release|Any CPU
		{AD729432-0DE4-41A5-8B54-FB2A6A51FF32}.Release|Any CPU.Build.0 = Release|Any CPU
		{2270CA1D-2667-4B8A-A982-CC0A234E6B1B}.Debug|Any CPU.ActiveCfg = Debug|Any CPU
		{2270CA1D-2667-4B8A-A982-CC0A234E6B1B}.Debug|Any CPU.Build.0 = Debug|Any CPU
		{2270CA1D-2667-4B8A-A982-CC0A234E6B1B}.Release|Any CPU.ActiveCfg = Release|Any CPU
		{2270CA1D-2667-4B8A-A982-CC0A234E6B1B}.Release|Any CPU.Build.0 = Release|Any CPU
		{0E8A61B0-6BB8-4BEC-A16F-7F837B104E44}.Debug|Any CPU.ActiveCfg = Debug|Any CPU
		{0E8A61B0-6BB8-4BEC-A16F-7F837B104E44}.Debug|Any CPU.Build.0 = Debug|Any CPU
		{0E8A61B0-6BB8-4BEC-A16F-7F837B104E44}.Release|Any CPU.ActiveCfg = Release|Any CPU
		{0E8A61B0-6BB8-4BEC-A16F-7F837B104E44}.Release|Any CPU.Build.0 = Release|Any CPU
		{16A5EE75-420D-4E14-BBC1-6D017C310CAD}.Debug|Any CPU.ActiveCfg = Debug|Any CPU
		{16A5EE75-420D-4E14-BBC1-6D017C310CAD}.Debug|Any CPU.Build.0 = Debug|Any CPU
		{16A5EE75-420D-4E14-BBC1-6D017C310CAD}.Release|Any CPU.ActiveCfg = Release|Any CPU
		{16A5EE75-420D-4E14-BBC1-6D017C310CAD}.Release|Any CPU.Build.0 = Release|Any CPU
	EndGlobalSection
	GlobalSection(SolutionProperties) = preSolution
		HideSolutionNode = FALSE
	EndGlobalSection
EndGlobal
