Microsoft Visual Studio Solution File, Format Version 12.00
# Visual Studio Version 17
VisualStudioVersion = 17.12.35707.178
MinimumVisualStudioVersion = 10.0.40219.1
Project("{FAE04EC0-301F-11D3-BF4B-00C04F79EFBC}") = "AULA001_HELLO_WORLD", "AULA001_HELLO_WORLD\AULA001_HELLO_WORLD.csproj", "{02AB1AC1-9A27-4523-A179-062ACFC2C8BE}"
EndProject
Project("{FAE04EC0-301F-11D3-BF4B-00C04F79EFBC}") = "AULA002_COMENTARIOS", "AULA002_COMENTARIOS\AULA002_COMENTARIOS.csproj", "{AD729432-0DE4-41A5-8B54-FB2A6A51FF32}"
EndProject
Project("{FAE04EC0-301F-11D3-BF4B-00C04F79EFBC}") = "AULA003_VARIAVEIS", "AULA003_VARIAVEIS\AULA003_VARIAVEIS.csproj", "{2270CA1D-2667-4B8A-A982-CC0A234E6B1B}"
EndProject
Project("{FAE04EC0-301F-11D3-BF4B-00C04F79EFBC}") = "AULA004_ESCOPO_DE_VARIAVEIS", "AULA004_ESCOPO_DE_VARIAVEIS\AULA004_ESCOPO_DE_VARIAVEIS.csproj", "{0E8A61B0-6BB8-4BEC-A16F-7F837B104E44}"
EndProject
Project("{FAE04EC0-301F-11D3-BF4B-00C04F79EFBC}") = "AULA005_CONVERSOES_DE_VARIAVEIS", "AULA005_CONVERSOES_DE_VARIAVEIS\AULA005_CONVERSOES_DE_VARIAVEIS.csproj", "{16A5EE75-420D-4E14-BBC1-6D017C310CAD}"
EndProject
Project("{FAE04EC0-301F-11D3-BF4B-00C04F79EFBC}") = "AULA006_CONTANTES", "AULA006_CONTANTES\AULA006_CONTANTES.csproj", "{AF090633-5418-4950-A194-B71ED4D9BC97}"
EndProject
Project("{FAE04EC0-301F-11D3-BF4B-00C04F79EFBC}") = "AULA007_OPERADORES", "AULA007_OPERADORES\AULA007_OPERADORES.csproj", "{D9714F72-4560-4171-9404-97DF66A14B1F}"
EndProject
Project("{FAE04EC0-301F-11D3-BF4B-00C04F79EFBC}") = "AULA008_ENUMERADORES_(ENUM)", "AULA008_ENUMERADORES_(ENUM)\AULA008_ENUMERADORES_(ENUM).csproj", "{5062F437-8F19-4135-B9CF-9AD1DB556707}"
EndProject
Project("{FAE04EC0-301F-11D3-BF4B-00C04F79EFBC}") = "AULA009_FORMATACAO_DE_STRINGS", "AULA009_FORMATACAO_DE_STRINGS\AULA009_FORMATACAO_DE_STRINGS.csproj", "{2E0682C6-D01C-47A3-9D44-D8AFBB442313}"
EndProject
Project("{FAE04EC0-301F-11D3-BF4B-00C04F79EFBC}") = "EXERCICIO001_SOMA", "EXERCICIO001_SOMA\EXERCICIO001_SOMA.csproj", "{2C5AC78F-6C3D-4E9C-A475-E142C7F679CF}"
EndProject
Project("{FAE04EC0-301F-11D3-BF4B-00C04F79EFBC}") = "EXERCICIO002_IMPAR_OU_PAR", "EXERCICIO002_IMPAR_OU_PAR\EXERCICIO002_IMPAR_OU_PAR.csproj", "{30889E52-AA0C-4BB5-8877-7E39A71E5F58}"
EndProject
Project("{FAE04EC0-301F-11D3-BF4B-00C04F79EFBC}") = "AULA010_IF_ELSE", "AULA010_IF_ELSE\AULA010_IF_ELSE.csproj", "{2C9BA3E8-1733-49E4-882B-5347EEBBAD9A}"
EndProject
Project("{FAE04EC0-301F-11D3-BF4B-00C04F79EFBC}") = "AULA011_OPERADORES_TERNARIOS_CONDICIONAL", "AULA011_OPERADORES_TERNARIOS_CONDICIONAL\AULA011_OPERADORES_TERNARIOS_CONDICIONAL.csproj", "{8465C572-B217-4D59-A73F-04063DDA5A81}"
EndProject
Project("{FAE04EC0-301F-11D3-BF4B-00C04F79EFBC}") = "AULA012_COMANDO_GOTO", "AULA012_COMANDO_GOTO\AULA012_COMANDO_GOTO.csproj", "{B85F5FE0-A27B-4AE0-90D5-626361CDA24B}"
EndProject
Project("{FAE04EC0-301F-11D3-BF4B-00C04F79EFBC}") = "AULA013_SWITCH_CASE", "AULA013_SWITCH_CASE\AULA013_SWITCH_CASE.csproj", "{88002F6B-BE98-41F1-A0AF-3A27CF6BA962}"
EndProject
Project("{FAE04EC0-301F-11D3-BF4B-00C04F79EFBC}") = "PROTOTIPO001_APP_SALARIO_PREFEITURA", "PROTOTIPO001_APP_SALARIO_PREFEITURA\PROTOTIPO001_APP_SALARIO_PREFEITURA.csproj", "{9C9B3D2E-60A3-4FE0-A343-2C02DE5354FD}"
EndProject
Project("{FAE04EC0-301F-11D3-BF4B-00C04F79EFBC}") = "AULA016_FOR_E_FORREVERSE", "AULA016_FOR_E_FORREVERSE\AULA016_FOR_E_FORREVERSE.csproj", "{28A109C0-8BEC-4DCC-AEE9-5E32C95EF769}"
EndProject
Project("{FAE04EC0-301F-11D3-BF4B-00C04F79EFBC}") = "AULA014_ARRAYS_UNIDIMENSIONAIS_VETORES", "AULA014_ARRAYS_UNIDIMENSIONAIS_VETORES\AULA014_ARRAYS_UNIDIMENSIONAIS_VETORES.csproj", "{4F1FF501-6EC0-46C3-AC6E-ACCD3D2AE904}"
EndProject
Project("{FAE04EC0-301F-11D3-BF4B-00C04F79EFBC}") = "AULA015_ARRAYS_BIDIMENSIONAIS_MATRIZES", "AULA015_ARRAYS_BIDIMENSIONAIS_MATRIZES\AULA015_ARRAYS_BIDIMENSIONAIS_MATRIZES.csproj", "{319DE436-4070-4279-892F-1C73B068CE65}"
EndProject
Project("{FAE04EC0-301F-11D3-BF4B-00C04F79EFBC}") = "AULA017_FOREACH", "AULA017_FOREACH\AULA017_FOREACH.csproj", "{EE4E2B07-6538-463C-9C3C-6A8877699077}"
EndProject
Project("{FAE04EC0-301F-11D3-BF4B-00C04F79EFBC}") = "AULA018_WHILE_E_DOWHILE", "AULA018_WHILE_E_DOWHILE\AULA018_WHILE_E_DOWHILE.csproj", "{0F898DB1-236A-4EFF-A815-E8D8D4D40174}"
EndProject
Project("{FAE04EC0-301F-11D3-BF4B-00C04F79EFBC}") = "AULA019_MANIPULANDO_ARRAYS", "AULA019_MANIPULANDO_ARRAYS\AULA019_MANIPULANDO_ARRAYS.csproj", "{5C025958-4AB1-462D-8F2F-56DC9B298626}"
EndProject
Project("{FAE04EC0-301F-11D3-BF4B-00C04F79EFBC}") = "AULA020_COLLECTIONS_LISTS", "AULA020_COLLECTIONS_LISTS\AULA020_COLLECTIONS_LISTS.csproj", "{023AD5F1-1B8B-4EA7-A406-BFF1B1D6D488}"
EndProject
Project("{FAE04EC0-301F-11D3-BF4B-00C04F79EFBC}") = "EXERCICIO003_SENHA_INVALIDA", "EXERCICIO003_SENHA_INVALIDA\EXERCICIO003_SENHA_INVALIDA.csproj", "{38641D2A-65C3-4FED-95ED-225919071CB0}"
EndProject
Project("{FAE04EC0-301F-11D3-BF4B-00C04F79EFBC}") = "EXERCICIO004_VALOR_A_PAGAR", "EXERCICIO004_VALOR_A_PAGAR\EXERCICIO004_VALOR_A_PAGAR.csproj", "{122AC983-F317-4E5E-909A-B4C6CEA86B40}"
EndProject
Project("{FAE04EC0-301F-11D3-BF4B-00C04F79EFBC}") = "EXERCICIO005_AREA_DE_UM_CIRCULO", "EXERCICIO005_AREA_DE_UM_CIRCULO\EXERCICIO005_AREA_DE_UM_CIRCULO.csproj", "{CC45D776-7AB1-4457-BF5E-B94374E91213}"
EndProject
Project("{FAE04EC0-301F-11D3-BF4B-00C04F79EFBC}") = "EXERCICIO006_MENU_LANCHONETE", "EXERCICIO006_MENU_LANCHONETE\EXERCICIO006_MENU_LANCHONETE.csproj", "{B819AA28-A708-4E3C-837C-E296E664D641}"
EndProject
Project("{FAE04EC0-301F-11D3-BF4B-00C04F79EFBC}") = "EXERCICIO007_ALGORITMO_BASKARA", "EXERCICIO007_ALGORITMO_BASKARA\EXERCICIO007_ALGORITMO_BASKARA.csproj", "{A69C74DF-8009-41EF-A3D8-36513723286E}"
EndProject
Project("{FAE04EC0-301F-11D3-BF4B-00C04F79EFBC}") = "EXERCICIO008_LER_NUMEROS_FOR", "EXERCICIO008_LER_NUMEROS_FOR\EXERCICIO008_LER_NUMEROS_FOR.csproj", "{D9BF28BB-1671-424D-85BE-540ABBC9654C}"
EndProject
Global
	GlobalSection(SolutionConfigurationPlatforms) = preSolution
		Debug|Any CPU = Debug|Any CPU
		Release|Any CPU = Release|Any CPU
	EndGlobalSection
	GlobalSection(ProjectConfigurationPlatforms) = postSolution
		{02AB1AC1-9A27-4523-A179-062ACFC2C8BE}.Debug|Any CPU.ActiveCfg = Debug|Any CPU
		{02AB1AC1-9A27-4523-A179-062ACFC2C8BE}.Debug|Any CPU.Build.0 = Debug|Any CPU
		{02AB1AC1-9A27-4523-A179-062ACFC2C8BE}.Release|Any CPU.ActiveCfg = Release|Any CPU
		{02AB1AC1-9A27-4523-A179-062ACFC2C8BE}.Release|Any CPU.Build.0 = Release|Any CPU
		{AD729432-0DE4-41A5-8B54-FB2A6A51FF32}.Debug|Any CPU.ActiveCfg = Debug|Any CPU
		{AD729432-0DE4-41A5-8B54-FB2A6A51FF32}.Debug|Any CPU.Build.0 = Debug|Any CPU
		{AD729432-0DE4-41A5-8B54-FB2A6A51FF32}.Release|Any CPU.ActiveCfg = Release|Any CPU
		{AD729432-0DE4-41A5-8B54-FB2A6A51FF32}.Release|Any CPU.Build.0 = Release|Any CPU
		{2270CA1D-2667-4B8A-A982-CC0A234E6B1B}.Debug|Any CPU.ActiveCfg = Debug|Any CPU
		{2270CA1D-2667-4B8A-A982-CC0A234E6B1B}.Debug|Any CPU.Build.0 = Debug|Any CPU
		{2270CA1D-2667-4B8A-A982-CC0A234E6B1B}.Release|Any CPU.ActiveCfg = Release|Any CPU
		{2270CA1D-2667-4B8A-A982-CC0A234E6B1B}.Release|Any CPU.Build.0 = Release|Any CPU
		{0E8A61B0-6BB8-4BEC-A16F-7F837B104E44}.Debug|Any CPU.ActiveCfg = Debug|Any CPU
		{0E8A61B0-6BB8-4BEC-A16F-7F837B104E44}.Debug|Any CPU.Build.0 = Debug|Any CPU
		{0E8A61B0-6BB8-4BEC-A16F-7F837B104E44}.Release|Any CPU.ActiveCfg = Release|Any CPU
		{0E8A61B0-6BB8-4BEC-A16F-7F837B104E44}.Release|Any CPU.Build.0 = Release|Any CPU
		{16A5EE75-420D-4E14-BBC1-6D017C310CAD}.Debug|Any CPU.ActiveCfg = Debug|Any CPU
		{16A5EE75-420D-4E14-BBC1-6D017C310CAD}.Debug|Any CPU.Build.0 = Debug|Any CPU
		{16A5EE75-420D-4E14-BBC1-6D017C310CAD}.Release|Any CPU.ActiveCfg = Release|Any CPU
		{16A5EE75-420D-4E14-BBC1-6D017C310CAD}.Release|Any CPU.Build.0 = Release|Any CPU
		{AF090633-5418-4950-A194-B71ED4D9BC97}.Debug|Any CPU.ActiveCfg = Debug|Any CPU
		{AF090633-5418-4950-A194-B71ED4D9BC97}.Debug|Any CPU.Build.0 = Debug|Any CPU
		{AF090633-5418-4950-A194-B71ED4D9BC97}.Release|Any CPU.ActiveCfg = Release|Any CPU
		{AF090633-5418-4950-A194-B71ED4D9BC97}.Release|Any CPU.Build.0 = Release|Any CPU
		{D9714F72-4560-4171-9404-97DF66A14B1F}.Debug|Any CPU.ActiveCfg = Debug|Any CPU
		{D9714F72-4560-4171-9404-97DF66A14B1F}.Debug|Any CPU.Build.0 = Debug|Any CPU
		{D9714F72-4560-4171-9404-97DF66A14B1F}.Release|Any CPU.ActiveCfg = Release|Any CPU
		{D9714F72-4560-4171-9404-97DF66A14B1F}.Release|Any CPU.Build.0 = Release|Any CPU
		{5062F437-8F19-4135-B9CF-9AD1DB556707}.Debug|Any CPU.ActiveCfg = Debug|Any CPU
		{5062F437-8F19-4135-B9CF-9AD1DB556707}.Debug|Any CPU.Build.0 = Debug|Any CPU
		{5062F437-8F19-4135-B9CF-9AD1DB556707}.Release|Any CPU.ActiveCfg = Release|Any CPU
		{5062F437-8F19-4135-B9CF-9AD1DB556707}.Release|Any CPU.Build.0 = Release|Any CPU
		{2E0682C6-D01C-47A3-9D44-D8AFBB442313}.Debug|Any CPU.ActiveCfg = Debug|Any CPU
		{2E0682C6-D01C-47A3-9D44-D8AFBB442313}.Debug|Any CPU.Build.0 = Debug|Any CPU
		{2E0682C6-D01C-47A3-9D44-D8AFBB442313}.Release|Any CPU.ActiveCfg = Release|Any CPU
		{2E0682C6-D01C-47A3-9D44-D8AFBB442313}.Release|Any CPU.Build.0 = Release|Any CPU
		{2C5AC78F-6C3D-4E9C-A475-E142C7F679CF}.Debug|Any CPU.ActiveCfg = Debug|Any CPU
		{2C5AC78F-6C3D-4E9C-A475-E142C7F679CF}.Debug|Any CPU.Build.0 = Debug|Any CPU
		{2C5AC78F-6C3D-4E9C-A475-E142C7F679CF}.Release|Any CPU.ActiveCfg = Release|Any CPU
		{2C5AC78F-6C3D-4E9C-A475-E142C7F679CF}.Release|Any CPU.Build.0 = Release|Any CPU
		{30889E52-AA0C-4BB5-8877-7E39A71E5F58}.Debug|Any CPU.ActiveCfg = Debug|Any CPU
		{30889E52-AA0C-4BB5-8877-7E39A71E5F58}.Debug|Any CPU.Build.0 = Debug|Any CPU
		{30889E52-AA0C-4BB5-8877-7E39A71E5F58}.Release|Any CPU.ActiveCfg = Release|Any CPU
		{30889E52-AA0C-4BB5-8877-7E39A71E5F58}.Release|Any CPU.Build.0 = Release|Any CPU
		{2C9BA3E8-1733-49E4-882B-5347EEBBAD9A}.Debug|Any CPU.ActiveCfg = Debug|Any CPU
		{2C9BA3E8-1733-49E4-882B-5347EEBBAD9A}.Debug|Any CPU.Build.0 = Debug|Any CPU
		{2C9BA3E8-1733-49E4-882B-5347EEBBAD9A}.Release|Any CPU.ActiveCfg = Release|Any CPU
		{2C9BA3E8-1733-49E4-882B-5347EEBBAD9A}.Release|Any CPU.Build.0 = Release|Any CPU
		{8465C572-B217-4D59-A73F-04063DDA5A81}.Debug|Any CPU.ActiveCfg = Debug|Any CPU
		{8465C572-B217-4D59-A73F-04063DDA5A81}.Debug|Any CPU.Build.0 = Debug|Any CPU
		{8465C572-B217-4D59-A73F-04063DDA5A81}.Release|Any CPU.ActiveCfg = Release|Any CPU
		{8465C572-B217-4D59-A73F-04063DDA5A81}.Release|Any CPU.Build.0 = Release|Any CPU
		{B85F5FE0-A27B-4AE0-90D5-626361CDA24B}.Debug|Any CPU.ActiveCfg = Debug|Any CPU
		{B85F5FE0-A27B-4AE0-90D5-626361CDA24B}.Debug|Any CPU.Build.0 = Debug|Any CPU
		{B85F5FE0-A27B-4AE0-90D5-626361CDA24B}.Release|Any CPU.ActiveCfg = Release|Any CPU
		{B85F5FE0-A27B-4AE0-90D5-626361CDA24B}.Release|Any CPU.Build.0 = Release|Any CPU
		{88002F6B-BE98-41F1-A0AF-3A27CF6BA962}.Debug|Any CPU.ActiveCfg = Debug|Any CPU
		{88002F6B-BE98-41F1-A0AF-3A27CF6BA962}.Debug|Any CPU.Build.0 = Debug|Any CPU
		{88002F6B-BE98-41F1-A0AF-3A27CF6BA962}.Release|Any CPU.ActiveCfg = Release|Any CPU
		{88002F6B-BE98-41F1-A0AF-3A27CF6BA962}.Release|Any CPU.Build.0 = Release|Any CPU
		{9C9B3D2E-60A3-4FE0-A343-2C02DE5354FD}.Debug|Any CPU.ActiveCfg = Debug|Any CPU
		{9C9B3D2E-60A3-4FE0-A343-2C02DE5354FD}.Debug|Any CPU.Build.0 = Debug|Any CPU
		{9C9B3D2E-60A3-4FE0-A343-2C02DE5354FD}.Release|Any CPU.ActiveCfg = Release|Any CPU
		{9C9B3D2E-60A3-4FE0-A343-2C02DE5354FD}.Release|Any CPU.Build.0 = Release|Any CPU
		{28A109C0-8BEC-4DCC-AEE9-5E32C95EF769}.Debug|Any CPU.ActiveCfg = Debug|Any CPU
		{28A109C0-8BEC-4DCC-AEE9-5E32C95EF769}.Debug|Any CPU.Build.0 = Debug|Any CPU
		{28A109C0-8BEC-4DCC-AEE9-5E32C95EF769}.Release|Any CPU.ActiveCfg = Release|Any CPU
		{28A109C0-8BEC-4DCC-AEE9-5E32C95EF769}.Release|Any CPU.Build.0 = Release|Any CPU
		{4F1FF501-6EC0-46C3-AC6E-ACCD3D2AE904}.Debug|Any CPU.ActiveCfg = Debug|Any CPU
		{4F1FF501-6EC0-46C3-AC6E-ACCD3D2AE904}.Debug|Any CPU.Build.0 = Debug|Any CPU
		{4F1FF501-6EC0-46C3-AC6E-ACCD3D2AE904}.Release|Any CPU.ActiveCfg = Release|Any CPU
		{4F1FF501-6EC0-46C3-AC6E-ACCD3D2AE904}.Release|Any CPU.Build.0 = Release|Any CPU
		{319DE436-4070-4279-892F-1C73B068CE65}.Debug|Any CPU.ActiveCfg = Debug|Any CPU
		{319DE436-4070-4279-892F-1C73B068CE65}.Debug|Any CPU.Build.0 = Debug|Any CPU
		{319DE436-4070-4279-892F-1C73B068CE65}.Release|Any CPU.ActiveCfg = Release|Any CPU
		{319DE436-4070-4279-892F-1C73B068CE65}.Release|Any CPU.Build.0 = Release|Any CPU
		{EE4E2B07-6538-463C-9C3C-6A8877699077}.Debug|Any CPU.ActiveCfg = Debug|Any CPU
		{EE4E2B07-6538-463C-9C3C-6A8877699077}.Debug|Any CPU.Build.0 = Debug|Any CPU
		{EE4E2B07-6538-463C-9C3C-6A8877699077}.Release|Any CPU.ActiveCfg = Release|Any CPU
		{EE4E2B07-6538-463C-9C3C-6A8877699077}.Release|Any CPU.Build.0 = Release|Any CPU
		{0F898DB1-236A-4EFF-A815-E8D8D4D40174}.Debug|Any CPU.ActiveCfg = Debug|Any CPU
		{0F898DB1-236A-4EFF-A815-E8D8D4D40174}.Debug|Any CPU.Build.0 = Debug|Any CPU
		{0F898DB1-236A-4EFF-A815-E8D8D4D40174}.Release|Any CPU.ActiveCfg = Release|Any CPU
		{0F898DB1-236A-4EFF-A815-E8D8D4D40174}.Release|Any CPU.Build.0 = Release|Any CPU
		{5C025958-4AB1-462D-8F2F-56DC9B298626}.Debug|Any CPU.ActiveCfg = Debug|Any CPU
		{5C025958-4AB1-462D-8F2F-56DC9B298626}.Debug|Any CPU.Build.0 = Debug|Any CPU
		{5C025958-4AB1-462D-8F2F-56DC9B298626}.Release|Any CPU.ActiveCfg = Release|Any CPU
		{5C025958-4AB1-462D-8F2F-56DC9B298626}.Release|Any CPU.Build.0 = Release|Any CPU
		{023AD5F1-1B8B-4EA7-A406-BFF1B1D6D488}.Debug|Any CPU.ActiveCfg = Debug|Any CPU
		{023AD5F1-1B8B-4EA7-A406-BFF1B1D6D488}.Debug|Any CPU.Build.0 = Debug|Any CPU
		{023AD5F1-1B8B-4EA7-A406-BFF1B1D6D488}.Release|Any CPU.ActiveCfg = Release|Any CPU
		{023AD5F1-1B8B-4EA7-A406-BFF1B1D6D488}.Release|Any CPU.Build.0 = Release|Any CPU
		{38641D2A-65C3-4FED-95ED-225919071CB0}.Debug|Any CPU.ActiveCfg = Debug|Any CPU
		{38641D2A-65C3-4FED-95ED-225919071CB0}.Debug|Any CPU.Build.0 = Debug|Any CPU
		{38641D2A-65C3-4FED-95ED-225919071CB0}.Release|Any CPU.ActiveCfg = Release|Any CPU
		{38641D2A-65C3-4FED-95ED-225919071CB0}.Release|Any CPU.Build.0 = Release|Any CPU
		{122AC983-F317-4E5E-909A-B4C6CEA86B40}.Debug|Any CPU.ActiveCfg = Debug|Any CPU
		{122AC983-F317-4E5E-909A-B4C6CEA86B40}.Debug|Any CPU.Build.0 = Debug|Any CPU
		{122AC983-F317-4E5E-909A-B4C6CEA86B40}.Release|Any CPU.ActiveCfg = Release|Any CPU
		{122AC983-F317-4E5E-909A-B4C6CEA86B40}.Release|Any CPU.Build.0 = Release|Any CPU
		{CC45D776-7AB1-4457-BF5E-B94374E91213}.Debug|Any CPU.ActiveCfg = Debug|Any CPU
		{CC45D776-7AB1-4457-BF5E-B94374E91213}.Debug|Any CPU.Build.0 = Debug|Any CPU
		{CC45D776-7AB1-4457-BF5E-B94374E91213}.Release|Any CPU.ActiveCfg = Release|Any CPU
		{CC45D776-7AB1-4457-BF5E-B94374E91213}.Release|Any CPU.Build.0 = Release|Any CPU
		{B819AA28-A708-4E3C-837C-E296E664D641}.Debug|Any CPU.ActiveCfg = Debug|Any CPU
		{B819AA28-A708-4E3C-837C-E296E664D641}.Debug|Any CPU.Build.0 = Debug|Any CPU
		{B819AA28-A708-4E3C-837C-E296E664D641}.Release|Any CPU.ActiveCfg = Release|Any CPU
		{B819AA28-A708-4E3C-837C-E296E664D641}.Release|Any CPU.Build.0 = Release|Any CPU
		{A69C74DF-8009-41EF-A3D8-36513723286E}.Debug|Any CPU.ActiveCfg = Debug|Any CPU
		{A69C74DF-8009-41EF-A3D8-36513723286E}.Debug|Any CPU.Build.0 = Debug|Any CPU
		{A69C74DF-8009-41EF-A3D8-36513723286E}.Release|Any CPU.ActiveCfg = Release|Any CPU
		{A69C74DF-8009-41EF-A3D8-36513723286E}.Release|Any CPU.Build.0 = Release|Any CPU
		{D9BF28BB-1671-424D-85BE-540ABBC9654C}.Debug|Any CPU.ActiveCfg = Debug|Any CPU
		{D9BF28BB-1671-424D-85BE-540ABBC9654C}.Debug|Any CPU.Build.0 = Debug|Any CPU
		{D9BF28BB-1671-424D-85BE-540ABBC9654C}.Release|Any CPU.ActiveCfg = Release|Any CPU
		{D9BF28BB-1671-424D-85BE-540ABBC9654C}.Release|Any CPU.Build.0 = Release|Any CPU
	EndGlobalSection
	GlobalSection(SolutionProperties) = preSolution
		HideSolutionNode = FALSE
	EndGlobalSection
EndGlobal
