
Microsoft Visual Studio Solution File, Format Version 12.00
# Visual Studio Version 17
VisualStudioVersion = 17.13.35919.96 d17.13
MinimumVisualStudioVersion = 10.0.40219.1
Project("{FAE04EC0-301F-11D3-BF4B-00C04F79EFBC}") = "CURSOPOO_EXERCICIO_CONTA_BANCARIA", "CURSOPOO_EXERCICIO_CONTA_BANCARIA.csproj", "{5883D80F-58A9-C10D-D1E6-CC5FAC3DF682}"
EndProject
Global
	GlobalSection(SolutionConfigurationPlatforms) = preSolution
		Debug|Any CPU = Debug|Any CPU
		Release|Any CPU = Release|Any CPU
	EndGlobalSection
	GlobalSection(ProjectConfigurationPlatforms) = postSolution
		{5883D80F-58A9-C10D-D1E6-CC5FAC3DF682}.Debug|Any CPU.ActiveCfg = Debug|Any CPU
		{5883D80F-58A9-C10D-D1E6-CC5FAC3DF682}.Debug|Any CPU.Build.0 = Debug|Any CPU
		{5883D80F-58A9-C10D-D1E6-CC5FAC3DF682}.Release|Any CPU.ActiveCfg = Release|Any CPU
		{5883D80F-58A9-C10D-D1E6-CC5FAC3DF682}.Release|Any CPU.Build.0 = Release|Any CPU
	EndGlobalSection
	GlobalSection(SolutionProperties) = preSolution
		HideSolutionNode = FALSE
	EndGlobalSection
	GlobalSection(ExtensibilityGlobals) = postSolution
		SolutionGuid = {177CE350-6D96-48C6-AD5E-190F4059D074}
	EndGlobalSection
EndGlobal
