Microsoft Visual Studio Solution File, Format Version 12.00
# Visual Studio Version 17
VisualStudioVersion = 17.5.2.0
MinimumVisualStudioVersion = 10.0.40219.1
Project("{FAE04EC0-301F-11D3-BF4B-00C04F79EFBC}") = "AULA023_DATA_TIME", "AULA023_DATA_TIME.csproj", "{0E2DD840-AAE3-2732-6CB1-799E6F9747C2}"
EndProject
Global
	GlobalSection(SolutionConfigurationPlatforms) = preSolution
		Debug|Any CPU = Debug|Any CPU
		Release|Any CPU = Release|Any CPU
	EndGlobalSection
	GlobalSection(ProjectConfigurationPlatforms) = postSolution
		{0E2DD840-AAE3-2732-6CB1-799E6F9747C2}.Debug|Any CPU.ActiveCfg = Debug|Any CPU
		{0E2DD840-AAE3-2732-6CB1-799E6F9747C2}.Debug|Any CPU.Build.0 = Debug|Any CPU
		{0E2DD840-AAE3-2732-6CB1-799E6F9747C2}.Release|Any CPU.ActiveCfg = Release|Any CPU
		{0E2DD840-AAE3-2732-6CB1-799E6F9747C2}.Release|Any CPU.Build.0 = Release|Any CPU
	EndGlobalSection
	GlobalSection(SolutionProperties) = preSolution
		HideSolutionNode = FALSE
	EndGlobalSection
	GlobalSection(ExtensibilityGlobals) = postSolution
		SolutionGuid = {DE51FB94-5010-4464-AEA5-DB1BD5104F45}
	EndGlobalSection
EndGlobal
