Microsoft Visual Studio Solution File, Format Version 12.00
# Visual Studio Version 17
VisualStudioVersion = 17.5.2.0
MinimumVisualStudioVersion = 10.0.40219.1
Project("{FAE04EC0-301F-11D3-BF4B-00C04F79EFBC}") = "POO_CLASSE_006_EXERCICIOS_RESOLVIDOS_CLASSE_TRABALHADOR", "POO_CLASSE_006_EXERCICIOS_RESOLVIDOS_CLASSE_TRABALHADOR.csproj", "{6060DBC8-2C00-DB16-810F-29C13C3FAAF5}"
EndProject
Global
	GlobalSection(SolutionConfigurationPlatforms) = preSolution
		Debug|Any CPU = Debug|Any CPU
		Release|Any CPU = Release|Any CPU
	EndGlobalSection
	GlobalSection(ProjectConfigurationPlatforms) = postSolution
		{6060DBC8-2C00-DB16-810F-29C13C3FAAF5}.Debug|Any CPU.ActiveCfg = Debug|Any CPU
		{6060DBC8-2C00-DB16-810F-29C13C3FAAF5}.Debug|Any CPU.Build.0 = Debug|Any CPU
		{6060DBC8-2C00-DB16-810F-29C13C3FAAF5}.Release|Any CPU.ActiveCfg = Release|Any CPU
		{6060DBC8-2C00-DB16-810F-29C13C3FAAF5}.Release|Any CPU.Build.0 = Release|Any CPU
	EndGlobalSection
	GlobalSection(SolutionProperties) = preSolution
		HideSolutionNode = FALSE
	EndGlobalSection
	GlobalSection(ExtensibilityGlobals) = postSolution
		SolutionGuid = {658A9808-5226-440F-AD81-80341CF7CA66}
	EndGlobalSection
EndGlobal
